// !$*UTF8*$!
{
	archiveVersion = 1;
	classes = {
	};
	objectVersion = 50;
	objects = {

/* Begin PBXBuildFile section */
		C11C7EA425780B2100EA4B2E /* GLUT.framework in Frameworks */ = {isa = PBXBuildFile; fileRef = C11C7EA225780B2100EA4B2E /* GLUT.framework */; };
		C11C7EA525780B2100EA4B2E /* OpenGL.framework in Frameworks */ = {isa = PBXBuildFile; fileRef = C11C7EA325780B2100EA4B2E /* OpenGL.framework */; };
		C11C7EB125780B6500EA4B2E /* Lab07.cpp in Sources */ = {isa = PBXBuildFile; fileRef = C11C7EA625780B5C00EA4B2E /* Lab07.cpp */; };
		C11C7EB225780B6500EA4B2E /* test.cpp in Sources */ = {isa = PBXBuildFile; fileRef = C11C7EA725780B5C00EA4B2E /* test.cpp */; };
		C11C7EB325780B6500EA4B2E /* uiInteract.cpp in Sources */ = {isa = PBXBuildFile; fileRef = C11C7EA925780B5E00EA4B2E /* uiInteract.cpp */; };
		C11C7EB525780B6500EA4B2E /* uiDraw.cpp in Sources */ = {isa = PBXBuildFile; fileRef = C11C7EAD25780B6000EA4B2E /* uiDraw.cpp */; };
		C179C6C127E375AF00E3E514 /* position.cpp in Sources */ = {isa = PBXBuildFile; fileRef = C179C6C027E375AF00E3E514 /* position.cpp */; };
		F38646302D01101E001F5275 /* testSatellite.h in Sources */ = {isa = PBXBuildFile; fileRef = F38646062D01101C001F5275 /* testSatellite.h */; };
		F38646312D01101E001F5275 /* sputnik.h in Sources */ = {isa = PBXBuildFile; fileRef = F38646072D01101C001F5275 /* sputnik.h */; };
		F38646322D01101E001F5275 /* hubble.h in Sources */ = {isa = PBXBuildFile; fileRef = F38646082D01101C001F5275 /* hubble.h */; };
		F38646332D01101E001F5275 /* angle.h in Sources */ = {isa = PBXBuildFile; fileRef = F38646092D01101C001F5275 /* angle.h */; };
		F38646342D01101E001F5275 /* crewDragon.h in Sources */ = {isa = PBXBuildFile; fileRef = F386460A2D01101C001F5275 /* crewDragon.h */; };
		F38646352D01101E001F5275 /* entity.cpp in Sources */ = {isa = PBXBuildFile; fileRef = F386460B2D01101C001F5275 /* entity.cpp */; };
		F38646362D01101E001F5275 /* testAngle.h in Sources */ = {isa = PBXBuildFile; fileRef = F386460C2D01101C001F5275 /* testAngle.h */; };
		F38646372D01101E001F5275 /* acceleration.cpp in Sources */ = {isa = PBXBuildFile; fileRef = F386460D2D01101C001F5275 /* acceleration.cpp */; };
		F38646382D01101E001F5275 /* testShip.h in Sources */ = {isa = PBXBuildFile; fileRef = F386460E2D01101C001F5275 /* testShip.h */; };
		F38646392D01101E001F5275 /* GPS.cpp in Sources */ = {isa = PBXBuildFile; fileRef = F386460F2D01101C001F5275 /* GPS.cpp */; };
		F386463A2D01101E001F5275 /* testAcceleration.h in Sources */ = {isa = PBXBuildFile; fileRef = F38646102D01101C001F5275 /* testAcceleration.h */; };
		F386463B2D01101E001F5275 /* uiInteract.h in Sources */ = {isa = PBXBuildFile; fileRef = F38646112D01101C001F5275 /* uiInteract.h */; };
		F386463C2D01101E001F5275 /* unitTest.h in Sources */ = {isa = PBXBuildFile; fileRef = F38646132D01101C001F5275 /* unitTest.h */; };
		F386463D2D01101E001F5275 /* orbital.cpp in Sources */ = {isa = PBXBuildFile; fileRef = F38646142D01101C001F5275 /* orbital.cpp */; };
		F386463E2D01101E001F5275 /* game.h in Sources */ = {isa = PBXBuildFile; fileRef = F38646152D01101C001F5275 /* game.h */; };
		F386463F2D01101E001F5275 /* starlink.h in Sources */ = {isa = PBXBuildFile; fileRef = F38646162D01101D001F5275 /* starlink.h */; };
		F38646402D01101E001F5275 /* testOrbital.h in Sources */ = {isa = PBXBuildFile; fileRef = F38646172D01101D001F5275 /* testOrbital.h */; };
		F38646412D01101E001F5275 /* testEntity.h in Sources */ = {isa = PBXBuildFile; fileRef = F38646182D01101D001F5275 /* testEntity.h */; };
		F38646422D01101E001F5275 /* ship.h in Sources */ = {isa = PBXBuildFile; fileRef = F38646192D01101D001F5275 /* ship.h */; };
		F38646432D01101E001F5275 /* entity.h in Sources */ = {isa = PBXBuildFile; fileRef = F386461A2D01101D001F5275 /* entity.h */; };
		F38646442D01101E001F5275 /* crewDragon.cpp in Sources */ = {isa = PBXBuildFile; fileRef = F386461B2D01101D001F5275 /* crewDragon.cpp */; };
		F38646462D01101E001F5275 /* hubble.cpp in Sources */ = {isa = PBXBuildFile; fileRef = F386461D2D01101D001F5275 /* hubble.cpp */; };
		F38646472D01101E001F5275 /* orbital.h in Sources */ = {isa = PBXBuildFile; fileRef = F386461E2D01101D001F5275 /* orbital.h */; };
		F38646482D01101E001F5275 /* keyPress.h in Sources */ = {isa = PBXBuildFile; fileRef = F386461F2D01101D001F5275 /* keyPress.h */; };
		F386464A2D01101E001F5275 /* velocity.cpp in Sources */ = {isa = PBXBuildFile; fileRef = F38646212D01101D001F5275 /* velocity.cpp */; };
		F386464B2D01101E001F5275 /* velocity.h in Sources */ = {isa = PBXBuildFile; fileRef = F38646222D01101D001F5275 /* velocity.h */; };
		F386464C2D01101E001F5275 /* ship.cpp in Sources */ = {isa = PBXBuildFile; fileRef = F38646232D01101D001F5275 /* ship.cpp */; };
		F386464D2D01101E001F5275 /* acceleration.h in Sources */ = {isa = PBXBuildFile; fileRef = F38646242D01101D001F5275 /* acceleration.h */; };
		F386464E2D01101E001F5275 /* constants.h in Sources */ = {isa = PBXBuildFile; fileRef = F38646252D01101D001F5275 /* constants.h */; };
		F386464F2D01101E001F5275 /* starlink.cpp in Sources */ = {isa = PBXBuildFile; fileRef = F38646262D01101D001F5275 /* starlink.cpp */; };
		F38646502D01101E001F5275 /* game.cpp in Sources */ = {isa = PBXBuildFile; fileRef = F38646272D01101D001F5275 /* game.cpp */; };
		F38646512D01101E001F5275 /* sputnik.cpp in Sources */ = {isa = PBXBuildFile; fileRef = F38646282D01101D001F5275 /* sputnik.cpp */; };
		F38646522D01101E001F5275 /* GPS.h in Sources */ = {isa = PBXBuildFile; fileRef = F38646292D01101D001F5275 /* GPS.h */; };
		F38646542D01101E001F5275 /* testVelocity.h in Sources */ = {isa = PBXBuildFile; fileRef = F386462B2D01101E001F5275 /* testVelocity.h */; };
		F38646552D01101E001F5275 /* angle.cpp in Sources */ = {isa = PBXBuildFile; fileRef = F386462C2D01101E001F5275 /* angle.cpp */; };
		F3B028A62D092C89004343CC /* testGame.h in Sources */ = {isa = PBXBuildFile; fileRef = F3B028A52D092C89004343CC /* testGame.h */; };
/* End PBXBuildFile section */

/* Begin PBXCopyFilesBuildPhase section */
		C11C7E942578098A00EA4B2E /* CopyFiles */ = {
			isa = PBXCopyFilesBuildPhase;
			buildActionMask = 2147483647;
			dstPath = /usr/share/man/man1/;
			dstSubfolderSpec = 0;
			files = (
			);
			runOnlyForDeploymentPostprocessing = 1;
		};
/* End PBXCopyFilesBuildPhase section */

/* Begin PBXFileReference section */
		C11C7E962578098A00EA4B2E /* Lab07 */ = {isa = PBXFileReference; explicitFileType = "compiled.mach-o.executable"; includeInIndex = 0; path = Lab07; sourceTree = BUILT_PRODUCTS_DIR; };
		C11C7EA225780B2100EA4B2E /* GLUT.framework */ = {isa = PBXFileReference; lastKnownFileType = wrapper.framework; name = GLUT.framework; path = System/Library/Frameworks/GLUT.framework; sourceTree = SDKROOT; };
		C11C7EA325780B2100EA4B2E /* OpenGL.framework */ = {isa = PBXFileReference; lastKnownFileType = wrapper.framework; name = OpenGL.framework; path = System/Library/Frameworks/OpenGL.framework; sourceTree = SDKROOT; };
		C11C7EA625780B5C00EA4B2E /* Lab07.cpp */ = {isa = PBXFileReference; fileEncoding = 4; lastKnownFileType = sourcecode.cpp.cpp; path = Lab07.cpp; sourceTree = "<group>"; };
		C11C7EA725780B5C00EA4B2E /* test.cpp */ = {isa = PBXFileReference; fileEncoding = 4; lastKnownFileType = sourcecode.cpp.cpp; path = test.cpp; sourceTree = "<group>"; };
		C11C7EA925780B5E00EA4B2E /* uiInteract.cpp */ = {isa = PBXFileReference; fileEncoding = 4; lastKnownFileType = sourcecode.cpp.cpp; path = uiInteract.cpp; sourceTree = "<group>"; };
		C11C7EAD25780B6000EA4B2E /* uiDraw.cpp */ = {isa = PBXFileReference; fileEncoding = 4; lastKnownFileType = sourcecode.cpp.cpp; path = uiDraw.cpp; sourceTree = "<group>"; };
		C11C7EAF25780B6500EA4B2E /* testPosition.h */ = {isa = PBXFileReference; fileEncoding = 4; lastKnownFileType = sourcecode.c.h; path = testPosition.h; sourceTree = "<group>"; };
		C11C7EB025780B6500EA4B2E /* uiDraw.h */ = {isa = PBXFileReference; fileEncoding = 4; lastKnownFileType = sourcecode.c.h; path = uiDraw.h; sourceTree = "<group>"; };
		C179C6C027E375AF00E3E514 /* position.cpp */ = {isa = PBXFileReference; fileEncoding = 4; lastKnownFileType = sourcecode.cpp.cpp; path = position.cpp; sourceTree = "<group>"; };
		C179C6C227E375D600E3E514 /* position.h */ = {isa = PBXFileReference; lastKnownFileType = sourcecode.c.h; path = position.h; sourceTree = "<group>"; };
		F38646062D01101C001F5275 /* testSatellite.h */ = {isa = PBXFileReference; lastKnownFileType = sourcecode.c.h; path = testSatellite.h; sourceTree = "<group>"; };
		F38646072D01101C001F5275 /* sputnik.h */ = {isa = PBXFileReference; lastKnownFileType = sourcecode.c.h; path = sputnik.h; sourceTree = "<group>"; };
		F38646082D01101C001F5275 /* hubble.h */ = {isa = PBXFileReference; lastKnownFileType = sourcecode.c.h; path = hubble.h; sourceTree = "<group>"; };
		F38646092D01101C001F5275 /* angle.h */ = {isa = PBXFileReference; lastKnownFileType = sourcecode.c.h; path = angle.h; sourceTree = "<group>"; };
		F386460A2D01101C001F5275 /* crewDragon.h */ = {isa = PBXFileReference; lastKnownFileType = sourcecode.c.h; path = crewDragon.h; sourceTree = "<group>"; };
		F386460B2D01101C001F5275 /* entity.cpp */ = {isa = PBXFileReference; lastKnownFileType = sourcecode.cpp.cpp; path = entity.cpp; sourceTree = "<group>"; };
		F386460C2D01101C001F5275 /* testAngle.h */ = {isa = PBXFileReference; lastKnownFileType = sourcecode.c.h; path = testAngle.h; sourceTree = "<group>"; };
		F386460D2D01101C001F5275 /* acceleration.cpp */ = {isa = PBXFileReference; lastKnownFileType = sourcecode.cpp.cpp; path = acceleration.cpp; sourceTree = "<group>"; };
		F386460E2D01101C001F5275 /* testShip.h */ = {isa = PBXFileReference; lastKnownFileType = sourcecode.c.h; path = testShip.h; sourceTree = "<group>"; };
		F386460F2D01101C001F5275 /* GPS.cpp */ = {isa = PBXFileReference; lastKnownFileType = sourcecode.cpp.cpp; path = GPS.cpp; sourceTree = "<group>"; };
		F38646102D01101C001F5275 /* testAcceleration.h */ = {isa = PBXFileReference; lastKnownFileType = sourcecode.c.h; path = testAcceleration.h; sourceTree = "<group>"; };
		F38646112D01101C001F5275 /* uiInteract.h */ = {isa = PBXFileReference; lastKnownFileType = sourcecode.c.h; path = uiInteract.h; sourceTree = "<group>"; };
		F38646132D01101C001F5275 /* unitTest.h */ = {isa = PBXFileReference; lastKnownFileType = sourcecode.c.h; path = unitTest.h; sourceTree = "<group>"; };
		F38646142D01101C001F5275 /* orbital.cpp */ = {isa = PBXFileReference; lastKnownFileType = sourcecode.cpp.cpp; path = orbital.cpp; sourceTree = "<group>"; };
		F38646152D01101C001F5275 /* game.h */ = {isa = PBXFileReference; lastKnownFileType = sourcecode.c.h; path = game.h; sourceTree = "<group>"; };
		F38646162D01101D001F5275 /* starlink.h */ = {isa = PBXFileReference; lastKnownFileType = sourcecode.c.h; path = starlink.h; sourceTree = "<group>"; };
		F38646172D01101D001F5275 /* testOrbital.h */ = {isa = PBXFileReference; lastKnownFileType = sourcecode.c.h; path = testOrbital.h; sourceTree = "<group>"; };
		F38646182D01101D001F5275 /* testEntity.h */ = {isa = PBXFileReference; lastKnownFileType = sourcecode.c.h; path = testEntity.h; sourceTree = "<group>"; };
		F38646192D01101D001F5275 /* ship.h */ = {isa = PBXFileReference; lastKnownFileType = sourcecode.c.h; path = ship.h; sourceTree = "<group>"; };
		F386461A2D01101D001F5275 /* entity.h */ = {isa = PBXFileReference; lastKnownFileType = sourcecode.c.h; path = entity.h; sourceTree = "<group>"; };
		F386461B2D01101D001F5275 /* crewDragon.cpp */ = {isa = PBXFileReference; lastKnownFileType = sourcecode.cpp.cpp; path = crewDragon.cpp; sourceTree = "<group>"; };
		F386461D2D01101D001F5275 /* hubble.cpp */ = {isa = PBXFileReference; lastKnownFileType = sourcecode.cpp.cpp; path = hubble.cpp; sourceTree = "<group>"; };
		F386461E2D01101D001F5275 /* orbital.h */ = {isa = PBXFileReference; lastKnownFileType = sourcecode.c.h; path = orbital.h; sourceTree = "<group>"; };
		F386461F2D01101D001F5275 /* keyPress.h */ = {isa = PBXFileReference; lastKnownFileType = sourcecode.c.h; path = keyPress.h; sourceTree = "<group>"; };
		F38646202D01101D001F5275 /* test.h */ = {isa = PBXFileReference; lastKnownFileType = sourcecode.c.h; path = test.h; sourceTree = "<group>"; };
		F38646212D01101D001F5275 /* velocity.cpp */ = {isa = PBXFileReference; lastKnownFileType = sourcecode.cpp.cpp; path = velocity.cpp; sourceTree = "<group>"; };
		F38646222D01101D001F5275 /* velocity.h */ = {isa = PBXFileReference; lastKnownFileType = sourcecode.c.h; path = velocity.h; sourceTree = "<group>"; };
		F38646232D01101D001F5275 /* ship.cpp */ = {isa = PBXFileReference; lastKnownFileType = sourcecode.cpp.cpp; path = ship.cpp; sourceTree = "<group>"; };
		F38646242D01101D001F5275 /* acceleration.h */ = {isa = PBXFileReference; lastKnownFileType = sourcecode.c.h; path = acceleration.h; sourceTree = "<group>"; };
		F38646252D01101D001F5275 /* constants.h */ = {isa = PBXFileReference; lastKnownFileType = sourcecode.c.h; path = constants.h; sourceTree = "<group>"; };
		F38646262D01101D001F5275 /* starlink.cpp */ = {isa = PBXFileReference; lastKnownFileType = sourcecode.cpp.cpp; path = starlink.cpp; sourceTree = "<group>"; };
		F38646272D01101D001F5275 /* game.cpp */ = {isa = PBXFileReference; lastKnownFileType = sourcecode.cpp.cpp; path = game.cpp; sourceTree = "<group>"; };
		F38646282D01101D001F5275 /* sputnik.cpp */ = {isa = PBXFileReference; lastKnownFileType = sourcecode.cpp.cpp; path = sputnik.cpp; sourceTree = "<group>"; };
		F38646292D01101D001F5275 /* GPS.h */ = {isa = PBXFileReference; lastKnownFileType = sourcecode.c.h; path = GPS.h; sourceTree = "<group>"; };
		F386462B2D01101E001F5275 /* testVelocity.h */ = {isa = PBXFileReference; lastKnownFileType = sourcecode.c.h; path = testVelocity.h; sourceTree = "<group>"; };
		F386462C2D01101E001F5275 /* angle.cpp */ = {isa = PBXFileReference; lastKnownFileType = sourcecode.cpp.cpp; path = angle.cpp; sourceTree = "<group>"; };
		F386462F2D01101E001F5275 /* position.cpp */ = {isa = PBXFileReference; lastKnownFileType = sourcecode.cpp.cpp; path = position.cpp; sourceTree = "<group>"; };
		F3B028A52D092C89004343CC /* testGame.h */ = {isa = PBXFileReference; lastKnownFileType = sourcecode.c.h; path = testGame.h; sourceTree = "<group>"; };
/* End PBXFileReference section */

/* Begin PBXFrameworksBuildPhase section */
		C11C7E932578098A00EA4B2E /* Frameworks */ = {
			isa = PBXFrameworksBuildPhase;
			buildActionMask = 2147483647;
			files = (
				C11C7EA425780B2100EA4B2E /* GLUT.framework in Frameworks */,
				C11C7EA525780B2100EA4B2E /* OpenGL.framework in Frameworks */,
			);
			runOnlyForDeploymentPostprocessing = 0;
		};
/* End PBXFrameworksBuildPhase section */

/* Begin PBXGroup section */
		C11C7E8D2578098A00EA4B2E = {
			isa = PBXGroup;
			children = (
				F3B028A52D092C89004343CC /* testGame.h */,
				F386460D2D01101C001F5275 /* acceleration.cpp */,
				F38646242D01101D001F5275 /* acceleration.h */,
				F386462C2D01101E001F5275 /* angle.cpp */,
				F38646092D01101C001F5275 /* angle.h */,
				F38646252D01101D001F5275 /* constants.h */,
				F386461B2D01101D001F5275 /* crewDragon.cpp */,
				F386460A2D01101C001F5275 /* crewDragon.h */,
				F386460B2D01101C001F5275 /* entity.cpp */,
				F386461A2D01101D001F5275 /* entity.h */,
				C11C7EA125780B2000EA4B2E /* Frameworks */,
				F38646272D01101D001F5275 /* game.cpp */,
				F38646152D01101C001F5275 /* game.h */,
				F386460F2D01101C001F5275 /* GPS.cpp */,
				F38646292D01101D001F5275 /* GPS.h */,
				F386461D2D01101D001F5275 /* hubble.cpp */,
				F38646082D01101C001F5275 /* hubble.h */,
				F386461F2D01101D001F5275 /* keyPress.h */,
				C11C7EA625780B5C00EA4B2E /* Lab07.cpp */,
				F38646142D01101C001F5275 /* orbital.cpp */,
				F386461E2D01101D001F5275 /* orbital.h */,
				F386462F2D01101E001F5275 /* position.cpp */,
				C179C6C027E375AF00E3E514 /* position.cpp */,
				C179C6C227E375D600E3E514 /* position.h */,
				C11C7E972578098A00EA4B2E /* Products */,
				F38646232D01101D001F5275 /* ship.cpp */,
				F38646192D01101D001F5275 /* ship.h */,
				F38646282D01101D001F5275 /* sputnik.cpp */,
				F38646072D01101C001F5275 /* sputnik.h */,
				F38646262D01101D001F5275 /* starlink.cpp */,
				F38646162D01101D001F5275 /* starlink.h */,
				C11C7EA725780B5C00EA4B2E /* test.cpp */,
				F38646202D01101D001F5275 /* test.h */,
				F38646102D01101C001F5275 /* testAcceleration.h */,
				F386460C2D01101C001F5275 /* testAngle.h */,
				F38646182D01101D001F5275 /* testEntity.h */,
				F38646172D01101D001F5275 /* testOrbital.h */,
				C11C7EAF25780B6500EA4B2E /* testPosition.h */,
				F38646062D01101C001F5275 /* testSatellite.h */,
				F386460E2D01101C001F5275 /* testShip.h */,
				F386462B2D01101E001F5275 /* testVelocity.h */,
				C11C7EAD25780B6000EA4B2E /* uiDraw.cpp */,
				C11C7EB025780B6500EA4B2E /* uiDraw.h */,
				C11C7EA925780B5E00EA4B2E /* uiInteract.cpp */,
				F38646112D01101C001F5275 /* uiInteract.h */,
				F38646132D01101C001F5275 /* unitTest.h */,
				F38646212D01101D001F5275 /* velocity.cpp */,
				F38646222D01101D001F5275 /* velocity.h */,
			);
			sourceTree = "<group>";
		};
		C11C7E972578098A00EA4B2E /* Products */ = {
			isa = PBXGroup;
			children = (
				C11C7E962578098A00EA4B2E /* Lab07 */,
			);
			name = Products;
			sourceTree = "<group>";
		};
		C11C7EA125780B2000EA4B2E /* Frameworks */ = {
			isa = PBXGroup;
			children = (
				C11C7EA225780B2100EA4B2E /* GLUT.framework */,
				C11C7EA325780B2100EA4B2E /* OpenGL.framework */,
			);
			name = Frameworks;
			sourceTree = "<group>";
		};
/* End PBXGroup section */

/* Begin PBXNativeTarget section */
		C11C7E952578098A00EA4B2E /* Lab07 */ = {
			isa = PBXNativeTarget;
			buildConfigurationList = C11C7E9D2578098A00EA4B2E /* Build configuration list for PBXNativeTarget "Lab07" */;
			buildPhases = (
				C11C7E922578098A00EA4B2E /* Sources */,
				C11C7E932578098A00EA4B2E /* Frameworks */,
				C11C7E942578098A00EA4B2E /* CopyFiles */,
			);
			buildRules = (
			);
			dependencies = (
			);
			name = Lab07;
			productName = Lab07;
			productReference = C11C7E962578098A00EA4B2E /* Lab07 */;
			productType = "com.apple.product-type.tool";
		};
/* End PBXNativeTarget section */

/* Begin PBXProject section */
		C11C7E8E2578098A00EA4B2E /* Project object */ = {
			isa = PBXProject;
			attributes = {
				LastUpgradeCheck = 1220;
				TargetAttributes = {
					C11C7E952578098A00EA4B2E = {
						CreatedOnToolsVersion = 12.2;
					};
				};
			};
			buildConfigurationList = C11C7E912578098A00EA4B2E /* Build configuration list for PBXProject "Lab07" */;
			compatibilityVersion = "Xcode 9.3";
			developmentRegion = en;
			hasScannedForEncodings = 0;
			knownRegions = (
				en,
				Base,
			);
			mainGroup = C11C7E8D2578098A00EA4B2E;
			productRefGroup = C11C7E972578098A00EA4B2E /* Products */;
			projectDirPath = "";
			projectRoot = "";
			targets = (
				C11C7E952578098A00EA4B2E /* Lab07 */,
			);
		};
/* End PBXProject section */

/* Begin PBXSourcesBuildPhase section */
		C11C7E922578098A00EA4B2E /* Sources */ = {
			isa = PBXSourcesBuildPhase;
			buildActionMask = 2147483647;
			files = (
				F3B028A62D092C89004343CC /* testGame.h in Sources */,
				F38646302D01101E001F5275 /* testSatellite.h in Sources */,
				F38646312D01101E001F5275 /* sputnik.h in Sources */,
				F38646322D01101E001F5275 /* hubble.h in Sources */,
				F38646332D01101E001F5275 /* angle.h in Sources */,
				F38646342D01101E001F5275 /* crewDragon.h in Sources */,
				F38646352D01101E001F5275 /* entity.cpp in Sources */,
				F38646362D01101E001F5275 /* testAngle.h in Sources */,
				F38646372D01101E001F5275 /* acceleration.cpp in Sources */,
				F38646382D01101E001F5275 /* testShip.h in Sources */,
				F38646392D01101E001F5275 /* GPS.cpp in Sources */,
				F386463A2D01101E001F5275 /* testAcceleration.h in Sources */,
				F386463B2D01101E001F5275 /* uiInteract.h in Sources */,
				C11C7EB525780B6500EA4B2E /* uiDraw.cpp in Sources */,
				F386463C2D01101E001F5275 /* unitTest.h in Sources */,
				F386463D2D01101E001F5275 /* orbital.cpp in Sources */,
				F386463E2D01101E001F5275 /* game.h in Sources */,
				F386463F2D01101E001F5275 /* starlink.h in Sources */,
				F38646402D01101E001F5275 /* testOrbital.h in Sources */,
				F38646412D01101E001F5275 /* testEntity.h in Sources */,
				F38646422D01101E001F5275 /* ship.h in Sources */,
				F38646432D01101E001F5275 /* entity.h in Sources */,
				F38646442D01101E001F5275 /* crewDragon.cpp in Sources */,
				F38646462D01101E001F5275 /* hubble.cpp in Sources */,
				F38646472D01101E001F5275 /* orbital.h in Sources */,
				F38646482D01101E001F5275 /* keyPress.h in Sources */,
				F386464A2D01101E001F5275 /* velocity.cpp in Sources */,
				F386464B2D01101E001F5275 /* velocity.h in Sources */,
				F386464C2D01101E001F5275 /* ship.cpp in Sources */,
				F386464D2D01101E001F5275 /* acceleration.h in Sources */,
				F386464E2D01101E001F5275 /* constants.h in Sources */,
				F386464F2D01101E001F5275 /* starlink.cpp in Sources */,
				F38646502D01101E001F5275 /* game.cpp in Sources */,
				F38646512D01101E001F5275 /* sputnik.cpp in Sources */,
				F38646522D01101E001F5275 /* GPS.h in Sources */,
				F38646542D01101E001F5275 /* testVelocity.h in Sources */,
				F38646552D01101E001F5275 /* angle.cpp in Sources */,
				C11C7EB325780B6500EA4B2E /* uiInteract.cpp in Sources */,
				C179C6C127E375AF00E3E514 /* position.cpp in Sources */,
				C11C7EB125780B6500EA4B2E /* Lab07.cpp in Sources */,
				C11C7EB225780B6500EA4B2E /* test.cpp in Sources */,
			);
			runOnlyForDeploymentPostprocessing = 0;
		};
/* End PBXSourcesBuildPhase section */

/* Begin XCBuildConfiguration section */
		C11C7E9B2578098A00EA4B2E /* Debug */ = {
			isa = XCBuildConfiguration;
			buildSettings = {
				ALWAYS_SEARCH_USER_PATHS = NO;
				CLANG_ANALYZER_NONNULL = YES;
				CLANG_ANALYZER_NUMBER_OBJECT_CONVERSION = YES_AGGRESSIVE;
				CLANG_CXX_LANGUAGE_STANDARD = "gnu++14";
				CLANG_CXX_LIBRARY = "libc++";
				CLANG_ENABLE_MODULES = YES;
				CLANG_ENABLE_OBJC_ARC = YES;
				CLANG_ENABLE_OBJC_WEAK = YES;
				CLANG_WARN_BLOCK_CAPTURE_AUTORELEASING = YES;
				CLANG_WARN_BOOL_CONVERSION = YES;
				CLANG_WARN_COMMA = YES;
				CLANG_WARN_CONSTANT_CONVERSION = YES;
				CLANG_WARN_DEPRECATED_OBJC_IMPLEMENTATIONS = YES;
				CLANG_WARN_DIRECT_OBJC_ISA_USAGE = YES_ERROR;
				CLANG_WARN_DOCUMENTATION_COMMENTS = YES;
				CLANG_WARN_EMPTY_BODY = YES;
				CLANG_WARN_ENUM_CONVERSION = YES;
				CLANG_WARN_INFINITE_RECURSION = YES;
				CLANG_WARN_INT_CONVERSION = YES;
				CLANG_WARN_NON_LITERAL_NULL_CONVERSION = YES;
				CLANG_WARN_OBJC_IMPLICIT_RETAIN_SELF = YES;
				CLANG_WARN_OBJC_LITERAL_CONVERSION = YES;
				CLANG_WARN_OBJC_ROOT_CLASS = YES_ERROR;
				CLANG_WARN_QUOTED_INCLUDE_IN_FRAMEWORK_HEADER = YES;
				CLANG_WARN_RANGE_LOOP_ANALYSIS = YES;
				CLANG_WARN_STRICT_PROTOTYPES = YES;
				CLANG_WARN_SUSPICIOUS_MOVE = YES;
				CLANG_WARN_UNGUARDED_AVAILABILITY = YES_AGGRESSIVE;
				CLANG_WARN_UNREACHABLE_CODE = YES;
				CLANG_WARN__DUPLICATE_METHOD_MATCH = YES;
				COPY_PHASE_STRIP = NO;
				DEBUG_INFORMATION_FORMAT = dwarf;
				ENABLE_STRICT_OBJC_MSGSEND = YES;
				ENABLE_TESTABILITY = YES;
				GCC_C_LANGUAGE_STANDARD = gnu11;
				GCC_DYNAMIC_NO_PIC = NO;
				GCC_NO_COMMON_BLOCKS = YES;
				GCC_OPTIMIZATION_LEVEL = 0;
				GCC_PREPROCESSOR_DEFINITIONS = (
					"DEBUG=1",
					"$(inherited)",
				);
				GCC_WARN_64_TO_32_BIT_CONVERSION = YES;
				GCC_WARN_ABOUT_RETURN_TYPE = YES_ERROR;
				GCC_WARN_UNDECLARED_SELECTOR = YES;
				GCC_WARN_UNINITIALIZED_AUTOS = YES_AGGRESSIVE;
				GCC_WARN_UNUSED_FUNCTION = YES;
				GCC_WARN_UNUSED_VARIABLE = YES;
				MACOSX_DEPLOYMENT_TARGET = 11.0;
				MTL_ENABLE_DEBUG_INFO = INCLUDE_SOURCE;
				MTL_FAST_MATH = YES;
				ONLY_ACTIVE_ARCH = YES;
				SDKROOT = macosx;
			};
			name = Debug;
		};
		C11C7E9C2578098A00EA4B2E /* Release */ = {
			isa = XCBuildConfiguration;
			buildSettings = {
				ALWAYS_SEARCH_USER_PATHS = NO;
				CLANG_ANALYZER_NONNULL = YES;
				CLANG_ANALYZER_NUMBER_OBJECT_CONVERSION = YES_AGGRESSIVE;
				CLANG_CXX_LANGUAGE_STANDARD = "gnu++14";
				CLANG_CXX_LIBRARY = "libc++";
				CLANG_ENABLE_MODULES = YES;
				CLANG_ENABLE_OBJC_ARC = YES;
				CLANG_ENABLE_OBJC_WEAK = YES;
				CLANG_WARN_BLOCK_CAPTURE_AUTORELEASING = YES;
				CLANG_WARN_BOOL_CONVERSION = YES;
				CLANG_WARN_COMMA = YES;
				CLANG_WARN_CONSTANT_CONVERSION = YES;
				CLANG_WARN_DEPRECATED_OBJC_IMPLEMENTATIONS = YES;
				CLANG_WARN_DIRECT_OBJC_ISA_USAGE = YES_ERROR;
				CLANG_WARN_DOCUMENTATION_COMMENTS = YES;
				CLANG_WARN_EMPTY_BODY = YES;
				CLANG_WARN_ENUM_CONVERSION = YES;
				CLANG_WARN_INFINITE_RECURSION = YES;
				CLANG_WARN_INT_CONVERSION = YES;
				CLANG_WARN_NON_LITERAL_NULL_CONVERSION = YES;
				CLANG_WARN_OBJC_IMPLICIT_RETAIN_SELF = YES;
				CLANG_WARN_OBJC_LITERAL_CONVERSION = YES;
				CLANG_WARN_OBJC_ROOT_CLASS = YES_ERROR;
				CLANG_WARN_QUOTED_INCLUDE_IN_FRAMEWORK_HEADER = YES;
				CLANG_WARN_RANGE_LOOP_ANALYSIS = YES;
				CLANG_WARN_STRICT_PROTOTYPES = YES;
				CLANG_WARN_SUSPICIOUS_MOVE = YES;
				CLANG_WARN_UNGUARDED_AVAILABILITY = YES_AGGRESSIVE;
				CLANG_WARN_UNREACHABLE_CODE = YES;
				CLANG_WARN__DUPLICATE_METHOD_MATCH = YES;
				COPY_PHASE_STRIP = NO;
				DEBUG_INFORMATION_FORMAT = "dwarf-with-dsym";
				ENABLE_NS_ASSERTIONS = NO;
				ENABLE_STRICT_OBJC_MSGSEND = YES;
				GCC_C_LANGUAGE_STANDARD = gnu11;
				GCC_NO_COMMON_BLOCKS = YES;
				GCC_WARN_64_TO_32_BIT_CONVERSION = YES;
				GCC_WARN_ABOUT_RETURN_TYPE = YES_ERROR;
				GCC_WARN_UNDECLARED_SELECTOR = YES;
				GCC_WARN_UNINITIALIZED_AUTOS = YES_AGGRESSIVE;
				GCC_WARN_UNUSED_FUNCTION = YES;
				GCC_WARN_UNUSED_VARIABLE = YES;
				MACOSX_DEPLOYMENT_TARGET = 11.0;
				MTL_ENABLE_DEBUG_INFO = NO;
				MTL_FAST_MATH = YES;
				SDKROOT = macosx;
			};
			name = Release;
		};
		C11C7E9E2578098A00EA4B2E /* Debug */ = {
			isa = XCBuildConfiguration;
			buildSettings = {
				CODE_SIGN_STYLE = Automatic;
				PRODUCT_NAME = "$(TARGET_NAME)";
			};
			name = Debug;
		};
		C11C7E9F2578098A00EA4B2E /* Release */ = {
			isa = XCBuildConfiguration;
			buildSettings = {
				CODE_SIGN_STYLE = Automatic;
				PRODUCT_NAME = "$(TARGET_NAME)";
			};
			name = Release;
		};
/* End XCBuildConfiguration section */

/* Begin XCConfigurationList section */
		C11C7E912578098A00EA4B2E /* Build configuration list for PBXProject "Lab07" */ = {
			isa = XCConfigurationList;
			buildConfigurations = (
				C11C7E9B2578098A00EA4B2E /* Debug */,
				C11C7E9C2578098A00EA4B2E /* Release */,
			);
			defaultConfigurationIsVisible = 0;
			defaultConfigurationName = Release;
		};
		C11C7E9D2578098A00EA4B2E /* Build configuration list for PBXNativeTarget "Lab07" */ = {
			isa = XCConfigurationList;
			buildConfigurations = (
				C11C7E9E2578098A00EA4B2E /* Debug */,
				C11C7E9F2578098A00EA4B2E /* Release */,
			);
			defaultConfigurationIsVisible = 0;
			defaultConfigurationName = Release;
		};
/* End XCConfigurationList section */
	};
	rootObject = C11C7E8E2578098A00EA4B2E /* Project object */;
}
